
Microsoft Visual Studio Solution File, Format Version 12.00
# Visual Studio Version 16
VisualStudioVersion = 16.0.29905.134
MinimumVisualStudioVersion = 10.0.40219.1
Project("{FAE04EC0-301F-11D3-BF4B-00C04F79EFBC}") = "cs201-spr-Figury-mierzalne-hierarchia", "cs201-spr-Figury-mierzalne-hierarchia.csproj", "{FBB9E933-7599-4302-B720-CBA5299212E0}"
EndProject
Global
	GlobalSection(SolutionConfigurationPlatforms) = preSolution
		Debug|Any CPU = Debug|Any CPU
		Release|Any CPU = Release|Any CPU
	EndGlobalSection
	GlobalSection(ProjectConfigurationPlatforms) = postSolution
		{FBB9E933-7599-4302-B720-CBA5299212E0}.Debug|Any CPU.ActiveCfg = Debug|Any CPU
		{FBB9E933-7599-4302-B720-CBA5299212E0}.Debug|Any CPU.Build.0 = Debug|Any CPU
		{FBB9E933-7599-4302-B720-CBA5299212E0}.Release|Any CPU.ActiveCfg = Release|Any CPU
		{FBB9E933-7599-4302-B720-CBA5299212E0}.Release|Any CPU.Build.0 = Release|Any CPU
	EndGlobalSection
	GlobalSection(SolutionProperties) = preSolution
		HideSolutionNode = FALSE
	EndGlobalSection
	GlobalSection(ExtensibilityGlobals) = postSolution
		SolutionGuid = {3A4B2594-B73F-452C-A721-4BEE77B71A54}
	EndGlobalSection
EndGlobal
